// !$*UTF8*$!
{
	archiveVersion = 1;
	classes = {
	};
	objectVersion = 55;
	objects = {

/* Begin PBXBuildFile section */
		035A7CE4B406F0C15A788C9C /* Pods_firebase_testapp_iosTests.framework in Frameworks */ = {isa = PBXBuildFile; fileRef = 6664CBE92EC247349D72BA74 /* Pods_firebase_testapp_iosTests.framework */; };
		41C56F7818A128592836E871 /* Pods_firebase_testapp_iosUITests.framework in Frameworks */ = {isa = PBXBuildFile; fileRef = 47C813668B09161B89D30AAF /* Pods_firebase_testapp_iosUITests.framework */; };
		A3A80988A93FE15387680834 /* Pods_firebase_testapp_ios.framework in Frameworks */ = {isa = PBXBuildFile; fileRef = 46CDC13CC1A629D1709FF436 /* Pods_firebase_testapp_ios.framework */; };
		E46F08FE28B5115F00959336 /* AppDelegate.swift in Sources */ = {isa = PBXBuildFile; fileRef = E46F08FD28B5115F00959336 /* AppDelegate.swift */; };
		E46F090028B5115F00959336 /* SceneDelegate.swift in Sources */ = {isa = PBXBuildFile; fileRef = E46F08FF28B5115F00959336 /* SceneDelegate.swift */; };
		E46F090228B5115F00959336 /* ViewController.swift in Sources */ = {isa = PBXBuildFile; fileRef = E46F090128B5115F00959336 /* ViewController.swift */; };
		E46F090528B5115F00959336 /* Main.storyboard in Resources */ = {isa = PBXBuildFile; fileRef = E46F090328B5115F00959336 /* Main.storyboard */; };
		E46F090728B5116200959336 /* Assets.xcassets in Resources */ = {isa = PBXBuildFile; fileRef = E46F090628B5116200959336 /* Assets.xcassets */; };
		E46F090A28B5116200959336 /* LaunchScreen.storyboard in Resources */ = {isa = PBXBuildFile; fileRef = E46F090828B5116200959336 /* LaunchScreen.storyboard */; };
		E46F091528B5116200959336 /* firebase_testapp_iosTests.swift in Sources */ = {isa = PBXBuildFile; fileRef = E46F091428B5116200959336 /* firebase_testapp_iosTests.swift */; };
		E46F091F28B5116200959336 /* firebase_testapp_iosUITests.swift in Sources */ = {isa = PBXBuildFile; fileRef = E46F091E28B5116200959336 /* firebase_testapp_iosUITests.swift */; };
		E46F092128B5116200959336 /* firebase_testapp_iosUITestsLaunchTests.swift in Sources */ = {isa = PBXBuildFile; fileRef = E46F092028B5116200959336 /* firebase_testapp_iosUITestsLaunchTests.swift */; };
		E4F3A12128BDCDCA0086026B /* GoogleService-Info.plist in Resources */ = {isa = PBXBuildFile; fileRef = E4F3A12028BDCDCA0086026B /* GoogleService-Info.plist */; };
/* End PBXBuildFile section */

/* Begin PBXContainerItemProxy section */
		E46F091128B5116200959336 /* PBXContainerItemProxy */ = {
			isa = PBXContainerItemProxy;
			containerPortal = E46F08F228B5115F00959336 /* Project object */;
			proxyType = 1;
			remoteGlobalIDString = E46F08F928B5115F00959336;
			remoteInfo = firebase_testapp_ios;
		};
		E46F091B28B5116200959336 /* PBXContainerItemProxy */ = {
			isa = PBXContainerItemProxy;
			containerPortal = E46F08F228B5115F00959336 /* Project object */;
			proxyType = 1;
			remoteGlobalIDString = E46F08F928B5115F00959336;
			remoteInfo = firebase_testapp_ios;
		};
/* End PBXContainerItemProxy section */

/* Begin PBXFileReference section */
		20CE70448B9A827CC0F8C5F7 /* Pods-firebase_testapp_iosTests.release.xcconfig */ = {isa = PBXFileReference; includeInIndex = 1; lastKnownFileType = text.xcconfig; name = "Pods-firebase_testapp_iosTests.release.xcconfig"; path = "Target Support Files/Pods-firebase_testapp_iosTests/Pods-firebase_testapp_iosTests.release.xcconfig"; sourceTree = "<group>"; };
		3784BB545C03D429ADE3F096 /* Pods-firebase_testapp_iosUITests.debug.xcconfig */ = {isa = PBXFileReference; includeInIndex = 1; lastKnownFileType = text.xcconfig; name = "Pods-firebase_testapp_iosUITests.debug.xcconfig"; path = "Target Support Files/Pods-firebase_testapp_iosUITests/Pods-firebase_testapp_iosUITests.debug.xcconfig"; sourceTree = "<group>"; };
		46CDC13CC1A629D1709FF436 /* Pods_firebase_testapp_ios.framework */ = {isa = PBXFileReference; explicitFileType = wrapper.framework; includeInIndex = 0; path = Pods_firebase_testapp_ios.framework; sourceTree = BUILT_PRODUCTS_DIR; };
		47C813668B09161B89D30AAF /* Pods_firebase_testapp_iosUITests.framework */ = {isa = PBXFileReference; explicitFileType = wrapper.framework; includeInIndex = 0; path = Pods_firebase_testapp_iosUITests.framework; sourceTree = BUILT_PRODUCTS_DIR; };
		48E27839F1E3F851F23FFDE8 /* Pods-firebase_testapp_ios.debug.xcconfig */ = {isa = PBXFileReference; includeInIndex = 1; lastKnownFileType = text.xcconfig; name = "Pods-firebase_testapp_ios.debug.xcconfig"; path = "Target Support Files/Pods-firebase_testapp_ios/Pods-firebase_testapp_ios.debug.xcconfig"; sourceTree = "<group>"; };
		6664CBE92EC247349D72BA74 /* Pods_firebase_testapp_iosTests.framework */ = {isa = PBXFileReference; explicitFileType = wrapper.framework; includeInIndex = 0; path = Pods_firebase_testapp_iosTests.framework; sourceTree = BUILT_PRODUCTS_DIR; };
		AAE14374777D69BB1195E128 /* Pods-firebase_testapp_ios.release.xcconfig */ = {isa = PBXFileReference; includeInIndex = 1; lastKnownFileType = text.xcconfig; name = "Pods-firebase_testapp_ios.release.xcconfig"; path = "Target Support Files/Pods-firebase_testapp_ios/Pods-firebase_testapp_ios.release.xcconfig"; sourceTree = "<group>"; };
		D58361E68E6586506FD3FECB /* Pods-firebase_testapp_iosTests.debug.xcconfig */ = {isa = PBXFileReference; includeInIndex = 1; lastKnownFileType = text.xcconfig; name = "Pods-firebase_testapp_iosTests.debug.xcconfig"; path = "Target Support Files/Pods-firebase_testapp_iosTests/Pods-firebase_testapp_iosTests.debug.xcconfig"; sourceTree = "<group>"; };
		D62D99EFB277E8D5FB6C553F /* Pods-firebase_testapp_iosUITests.release.xcconfig */ = {isa = PBXFileReference; includeInIndex = 1; lastKnownFileType = text.xcconfig; name = "Pods-firebase_testapp_iosUITests.release.xcconfig"; path = "Target Support Files/Pods-firebase_testapp_iosUITests/Pods-firebase_testapp_iosUITests.release.xcconfig"; sourceTree = "<group>"; };
		E46F08FA28B5115F00959336 /* firebase_testapp_ios.app */ = {isa = PBXFileReference; explicitFileType = wrapper.application; includeInIndex = 0; path = firebase_testapp_ios.app; sourceTree = BUILT_PRODUCTS_DIR; };
		E46F08FD28B5115F00959336 /* AppDelegate.swift */ = {isa = PBXFileReference; lastKnownFileType = sourcecode.swift; path = AppDelegate.swift; sourceTree = "<group>"; };
		E46F08FF28B5115F00959336 /* SceneDelegate.swift */ = {isa = PBXFileReference; lastKnownFileType = sourcecode.swift; path = SceneDelegate.swift; sourceTree = "<group>"; };
		E46F090128B5115F00959336 /* ViewController.swift */ = {isa = PBXFileReference; lastKnownFileType = sourcecode.swift; path = ViewController.swift; sourceTree = "<group>"; };
		E46F090428B5115F00959336 /* Base */ = {isa = PBXFileReference; lastKnownFileType = file.storyboard; name = Base; path = Base.lproj/Main.storyboard; sourceTree = "<group>"; };
		E46F090628B5116200959336 /* Assets.xcassets */ = {isa = PBXFileReference; lastKnownFileType = folder.assetcatalog; path = Assets.xcassets; sourceTree = "<group>"; };
		E46F090928B5116200959336 /* Base */ = {isa = PBXFileReference; lastKnownFileType = file.storyboard; name = Base; path = Base.lproj/LaunchScreen.storyboard; sourceTree = "<group>"; };
		E46F090B28B5116200959336 /* Info.plist */ = {isa = PBXFileReference; lastKnownFileType = text.plist.xml; path = Info.plist; sourceTree = "<group>"; };
		E46F091028B5116200959336 /* firebase_testapp_iosTests.xctest */ = {isa = PBXFileReference; explicitFileType = wrapper.cfbundle; includeInIndex = 0; path = firebase_testapp_iosTests.xctest; sourceTree = BUILT_PRODUCTS_DIR; };
		E46F091428B5116200959336 /* firebase_testapp_iosTests.swift */ = {isa = PBXFileReference; lastKnownFileType = sourcecode.swift; path = firebase_testapp_iosTests.swift; sourceTree = "<group>"; };
		E46F091A28B5116200959336 /* firebase_testapp_iosUITests.xctest */ = {isa = PBXFileReference; explicitFileType = wrapper.cfbundle; includeInIndex = 0; path = firebase_testapp_iosUITests.xctest; sourceTree = BUILT_PRODUCTS_DIR; };
		E46F091E28B5116200959336 /* firebase_testapp_iosUITests.swift */ = {isa = PBXFileReference; lastKnownFileType = sourcecode.swift; path = firebase_testapp_iosUITests.swift; sourceTree = "<group>"; };
		E46F092028B5116200959336 /* firebase_testapp_iosUITestsLaunchTests.swift */ = {isa = PBXFileReference; lastKnownFileType = sourcecode.swift; path = firebase_testapp_iosUITestsLaunchTests.swift; sourceTree = "<group>"; };
		E4A533AF28B773330065C229 /* firebase_testapp_ios.entitlements */ = {isa = PBXFileReference; lastKnownFileType = text.plist.entitlements; path = firebase_testapp_ios.entitlements; sourceTree = "<group>"; };
		E4F3A12028BDCDCA0086026B /* GoogleService-Info.plist */ = {isa = PBXFileReference; fileEncoding = 4; lastKnownFileType = text.plist.xml; name = "GoogleService-Info.plist"; path = "../../GoogleService-Info.plist"; sourceTree = "<group>"; };
/* End PBXFileReference section */

/* Begin PBXFrameworksBuildPhase section */
		E46F08F728B5115F00959336 /* Frameworks */ = {
			isa = PBXFrameworksBuildPhase;
			buildActionMask = 2147483647;
			files = (
				A3A80988A93FE15387680834 /* Pods_firebase_testapp_ios.framework in Frameworks */,
			);
			runOnlyForDeploymentPostprocessing = 0;
		};
		E46F090D28B5116200959336 /* Frameworks */ = {
			isa = PBXFrameworksBuildPhase;
			buildActionMask = 2147483647;
			files = (
				035A7CE4B406F0C15A788C9C /* Pods_firebase_testapp_iosTests.framework in Frameworks */,
			);
			runOnlyForDeploymentPostprocessing = 0;
		};
		E46F091728B5116200959336 /* Frameworks */ = {
			isa = PBXFrameworksBuildPhase;
			buildActionMask = 2147483647;
			files = (
				41C56F7818A128592836E871 /* Pods_firebase_testapp_iosUITests.framework in Frameworks */,
			);
			runOnlyForDeploymentPostprocessing = 0;
		};
/* End PBXFrameworksBuildPhase section */

/* Begin PBXGroup section */
		1E3FDDE8B11E9B5FEFC4A536 /* Frameworks */ = {
			isa = PBXGroup;
			children = (
				46CDC13CC1A629D1709FF436 /* Pods_firebase_testapp_ios.framework */,
				6664CBE92EC247349D72BA74 /* Pods_firebase_testapp_iosTests.framework */,
				47C813668B09161B89D30AAF /* Pods_firebase_testapp_iosUITests.framework */,
			);
			name = Frameworks;
			sourceTree = "<group>";
		};
		C301F695ED999DA46A24CDC3 /* Pods */ = {
			isa = PBXGroup;
			children = (
				48E27839F1E3F851F23FFDE8 /* Pods-firebase_testapp_ios.debug.xcconfig */,
				AAE14374777D69BB1195E128 /* Pods-firebase_testapp_ios.release.xcconfig */,
				D58361E68E6586506FD3FECB /* Pods-firebase_testapp_iosTests.debug.xcconfig */,
				20CE70448B9A827CC0F8C5F7 /* Pods-firebase_testapp_iosTests.release.xcconfig */,
				3784BB545C03D429ADE3F096 /* Pods-firebase_testapp_iosUITests.debug.xcconfig */,
				D62D99EFB277E8D5FB6C553F /* Pods-firebase_testapp_iosUITests.release.xcconfig */,
			);
			path = Pods;
			sourceTree = "<group>";
		};
		E46F08F128B5115F00959336 = {
			isa = PBXGroup;
			children = (
				E46F08FC28B5115F00959336 /* firebase_testapp_ios */,
				E46F091328B5116200959336 /* firebase_testapp_iosTests */,
				E46F091D28B5116200959336 /* firebase_testapp_iosUITests */,
				E46F08FB28B5115F00959336 /* Products */,
				C301F695ED999DA46A24CDC3 /* Pods */,
				1E3FDDE8B11E9B5FEFC4A536 /* Frameworks */,
			);
			sourceTree = "<group>";
		};
		E46F08FB28B5115F00959336 /* Products */ = {
			isa = PBXGroup;
			children = (
				E46F08FA28B5115F00959336 /* firebase_testapp_ios.app */,
				E46F091028B5116200959336 /* firebase_testapp_iosTests.xctest */,
				E46F091A28B5116200959336 /* firebase_testapp_iosUITests.xctest */,
			);
			name = Products;
			sourceTree = "<group>";
		};
		E46F08FC28B5115F00959336 /* firebase_testapp_ios */ = {
			isa = PBXGroup;
			children = (
				E4F3A12028BDCDCA0086026B /* GoogleService-Info.plist */,
				E4A533AF28B773330065C229 /* firebase_testapp_ios.entitlements */,
				E46F08FD28B5115F00959336 /* AppDelegate.swift */,
				E46F08FF28B5115F00959336 /* SceneDelegate.swift */,
				E46F090128B5115F00959336 /* ViewController.swift */,
				E46F090328B5115F00959336 /* Main.storyboard */,
				E46F090628B5116200959336 /* Assets.xcassets */,
				E46F090828B5116200959336 /* LaunchScreen.storyboard */,
				E46F090B28B5116200959336 /* Info.plist */,
			);
			path = firebase_testapp_ios;
			sourceTree = "<group>";
		};
		E46F091328B5116200959336 /* firebase_testapp_iosTests */ = {
			isa = PBXGroup;
			children = (
				E46F091428B5116200959336 /* firebase_testapp_iosTests.swift */,
			);
			path = firebase_testapp_iosTests;
			sourceTree = "<group>";
		};
		E46F091D28B5116200959336 /* firebase_testapp_iosUITests */ = {
			isa = PBXGroup;
			children = (
				E46F091E28B5116200959336 /* firebase_testapp_iosUITests.swift */,
				E46F092028B5116200959336 /* firebase_testapp_iosUITestsLaunchTests.swift */,
			);
			path = firebase_testapp_iosUITests;
			sourceTree = "<group>";
		};
/* End PBXGroup section */

/* Begin PBXNativeTarget section */
		E46F08F928B5115F00959336 /* firebase_testapp_ios */ = {
			isa = PBXNativeTarget;
			buildConfigurationList = E46F092428B5116200959336 /* Build configuration list for PBXNativeTarget "firebase_testapp_ios" */;
			buildPhases = (
				03DAC4C016D10DED8C4E2D7E /* [CP] Check Pods Manifest.lock */,
				E46F08F628B5115F00959336 /* Sources */,
				E46F08F728B5115F00959336 /* Frameworks */,
				E46F08F828B5115F00959336 /* Resources */,
				C6E3926E9A3502D82CC85F0D /* [CP] Embed Pods Frameworks */,
			);
			buildRules = (
			);
			dependencies = (
			);
			name = firebase_testapp_ios;
			productName = firebase_testapp_ios;
			productReference = E46F08FA28B5115F00959336 /* firebase_testapp_ios.app */;
			productType = "com.apple.product-type.application";
		};
		E46F090F28B5116200959336 /* firebase_testapp_iosTests */ = {
			isa = PBXNativeTarget;
			buildConfigurationList = E46F092728B5116200959336 /* Build configuration list for PBXNativeTarget "firebase_testapp_iosTests" */;
			buildPhases = (
				84DCC72D003A1F7745B753C2 /* [CP] Check Pods Manifest.lock */,
				E46F090C28B5116200959336 /* Sources */,
				E46F090D28B5116200959336 /* Frameworks */,
				E46F090E28B5116200959336 /* Resources */,
			);
			buildRules = (
			);
			dependencies = (
				E46F091228B5116200959336 /* PBXTargetDependency */,
			);
			name = firebase_testapp_iosTests;
			productName = firebase_testapp_iosTests;
			productReference = E46F091028B5116200959336 /* firebase_testapp_iosTests.xctest */;
			productType = "com.apple.product-type.bundle.unit-test";
		};
		E46F091928B5116200959336 /* firebase_testapp_iosUITests */ = {
			isa = PBXNativeTarget;
			buildConfigurationList = E46F092A28B5116200959336 /* Build configuration list for PBXNativeTarget "firebase_testapp_iosUITests" */;
			buildPhases = (
				EF11764ED71FA448A5C23716 /* [CP] Check Pods Manifest.lock */,
				E46F091628B5116200959336 /* Sources */,
				E46F091728B5116200959336 /* Frameworks */,
				E46F091828B5116200959336 /* Resources */,
			);
			buildRules = (
			);
			dependencies = (
				E46F091C28B5116200959336 /* PBXTargetDependency */,
			);
			name = firebase_testapp_iosUITests;
			productName = firebase_testapp_iosUITests;
			productReference = E46F091A28B5116200959336 /* firebase_testapp_iosUITests.xctest */;
			productType = "com.apple.product-type.bundle.ui-testing";
		};
/* End PBXNativeTarget section */

/* Begin PBXProject section */
		E46F08F228B5115F00959336 /* Project object */ = {
			isa = PBXProject;
			attributes = {
				BuildIndependentTargetsInParallel = 1;
				LastSwiftUpdateCheck = 1340;
				LastUpgradeCheck = 1340;
				TargetAttributes = {
					E46F08F928B5115F00959336 = {
						CreatedOnToolsVersion = 13.4.1;
					};
					E46F090F28B5116200959336 = {
						CreatedOnToolsVersion = 13.4.1;
						TestTargetID = E46F08F928B5115F00959336;
					};
					E46F091928B5116200959336 = {
						CreatedOnToolsVersion = 13.4.1;
						TestTargetID = E46F08F928B5115F00959336;
					};
				};
			};
			buildConfigurationList = E46F08F528B5115F00959336 /* Build configuration list for PBXProject "firebase_testapp_ios" */;
			compatibilityVersion = "Xcode 13.0";
			developmentRegion = en;
			hasScannedForEncodings = 0;
			knownRegions = (
				en,
				Base,
			);
			mainGroup = E46F08F128B5115F00959336;
			productRefGroup = E46F08FB28B5115F00959336 /* Products */;
			projectDirPath = "";
			projectRoot = "";
			targets = (
				E46F08F928B5115F00959336 /* firebase_testapp_ios */,
				E46F090F28B5116200959336 /* firebase_testapp_iosTests */,
				E46F091928B5116200959336 /* firebase_testapp_iosUITests */,
			);
		};
/* End PBXProject section */

/* Begin PBXResourcesBuildPhase section */
		E46F08F828B5115F00959336 /* Resources */ = {
			isa = PBXResourcesBuildPhase;
			buildActionMask = 2147483647;
			files = (
				E46F090A28B5116200959336 /* LaunchScreen.storyboard in Resources */,
				E4F3A12128BDCDCA0086026B /* GoogleService-Info.plist in Resources */,
				E46F090728B5116200959336 /* Assets.xcassets in Resources */,
				E46F090528B5115F00959336 /* Main.storyboard in Resources */,
			);
			runOnlyForDeploymentPostprocessing = 0;
		};
		E46F090E28B5116200959336 /* Resources */ = {
			isa = PBXResourcesBuildPhase;
			buildActionMask = 2147483647;
			files = (
			);
			runOnlyForDeploymentPostprocessing = 0;
		};
		E46F091828B5116200959336 /* Resources */ = {
			isa = PBXResourcesBuildPhase;
			buildActionMask = 2147483647;
			files = (
			);
			runOnlyForDeploymentPostprocessing = 0;
		};
/* End PBXResourcesBuildPhase section */

/* Begin PBXShellScriptBuildPhase section */
		03DAC4C016D10DED8C4E2D7E /* [CP] Check Pods Manifest.lock */ = {
			isa = PBXShellScriptBuildPhase;
			buildActionMask = 2147483647;
			files = (
			);
			inputFileListPaths = (
			);
			inputPaths = (
				"${PODS_PODFILE_DIR_PATH}/Podfile.lock",
				"${PODS_ROOT}/Manifest.lock",
			);
			name = "[CP] Check Pods Manifest.lock";
			outputFileListPaths = (
			);
			outputPaths = (
				"$(DERIVED_FILE_DIR)/Pods-firebase_testapp_ios-checkManifestLockResult.txt",
			);
			runOnlyForDeploymentPostprocessing = 0;
			shellPath = /bin/sh;
			shellScript = "diff \"${PODS_PODFILE_DIR_PATH}/Podfile.lock\" \"${PODS_ROOT}/Manifest.lock\" > /dev/null\nif [ $? != 0 ] ; then\n    # print error to STDERR\n    echo \"error: The sandbox is not in sync with the Podfile.lock. Run 'pod install' or update your CocoaPods installation.\" >&2\n    exit 1\nfi\n# This output is used by Xcode 'outputs' to avoid re-running this script phase.\necho \"SUCCESS\" > \"${SCRIPT_OUTPUT_FILE_0}\"\n";
			showEnvVarsInLog = 0;
		};
		84DCC72D003A1F7745B753C2 /* [CP] Check Pods Manifest.lock */ = {
			isa = PBXShellScriptBuildPhase;
			buildActionMask = 2147483647;
			files = (
			);
			inputFileListPaths = (
			);
			inputPaths = (
				"${PODS_PODFILE_DIR_PATH}/Podfile.lock",
				"${PODS_ROOT}/Manifest.lock",
			);
			name = "[CP] Check Pods Manifest.lock";
			outputFileListPaths = (
			);
			outputPaths = (
				"$(DERIVED_FILE_DIR)/Pods-firebase_testapp_iosTests-checkManifestLockResult.txt",
			);
			runOnlyForDeploymentPostprocessing = 0;
			shellPath = /bin/sh;
			shellScript = "diff \"${PODS_PODFILE_DIR_PATH}/Podfile.lock\" \"${PODS_ROOT}/Manifest.lock\" > /dev/null\nif [ $? != 0 ] ; then\n    # print error to STDERR\n    echo \"error: The sandbox is not in sync with the Podfile.lock. Run 'pod install' or update your CocoaPods installation.\" >&2\n    exit 1\nfi\n# This output is used by Xcode 'outputs' to avoid re-running this script phase.\necho \"SUCCESS\" > \"${SCRIPT_OUTPUT_FILE_0}\"\n";
			showEnvVarsInLog = 0;
		};
		C6E3926E9A3502D82CC85F0D /* [CP] Embed Pods Frameworks */ = {
			isa = PBXShellScriptBuildPhase;
			buildActionMask = 2147483647;
			files = (
			);
			inputFileListPaths = (
				"${PODS_ROOT}/Target Support Files/Pods-firebase_testapp_ios/Pods-firebase_testapp_ios-frameworks-${CONFIGURATION}-input-files.xcfilelist",
			);
			name = "[CP] Embed Pods Frameworks";
			outputFileListPaths = (
				"${PODS_ROOT}/Target Support Files/Pods-firebase_testapp_ios/Pods-firebase_testapp_ios-frameworks-${CONFIGURATION}-output-files.xcfilelist",
			);
			runOnlyForDeploymentPostprocessing = 0;
			shellPath = /bin/sh;
			shellScript = "\"${PODS_ROOT}/Target Support Files/Pods-firebase_testapp_ios/Pods-firebase_testapp_ios-frameworks.sh\"\n";
			showEnvVarsInLog = 0;
		};
		EF11764ED71FA448A5C23716 /* [CP] Check Pods Manifest.lock */ = {
			isa = PBXShellScriptBuildPhase;
			buildActionMask = 2147483647;
			files = (
			);
			inputFileListPaths = (
			);
			inputPaths = (
				"${PODS_PODFILE_DIR_PATH}/Podfile.lock",
				"${PODS_ROOT}/Manifest.lock",
			);
			name = "[CP] Check Pods Manifest.lock";
			outputFileListPaths = (
			);
			outputPaths = (
				"$(DERIVED_FILE_DIR)/Pods-firebase_testapp_iosUITests-checkManifestLockResult.txt",
			);
			runOnlyForDeploymentPostprocessing = 0;
			shellPath = /bin/sh;
			shellScript = "diff \"${PODS_PODFILE_DIR_PATH}/Podfile.lock\" \"${PODS_ROOT}/Manifest.lock\" > /dev/null\nif [ $? != 0 ] ; then\n    # print error to STDERR\n    echo \"error: The sandbox is not in sync with the Podfile.lock. Run 'pod install' or update your CocoaPods installation.\" >&2\n    exit 1\nfi\n# This output is used by Xcode 'outputs' to avoid re-running this script phase.\necho \"SUCCESS\" > \"${SCRIPT_OUTPUT_FILE_0}\"\n";
			showEnvVarsInLog = 0;
		};
/* End PBXShellScriptBuildPhase section */

/* Begin PBXSourcesBuildPhase section */
		E46F08F628B5115F00959336 /* Sources */ = {
			isa = PBXSourcesBuildPhase;
			buildActionMask = 2147483647;
			files = (
				E46F090228B5115F00959336 /* ViewController.swift in Sources */,
				E46F08FE28B5115F00959336 /* AppDelegate.swift in Sources */,
				E46F090028B5115F00959336 /* SceneDelegate.swift in Sources */,
			);
			runOnlyForDeploymentPostprocessing = 0;
		};
		E46F090C28B5116200959336 /* Sources */ = {
			isa = PBXSourcesBuildPhase;
			buildActionMask = 2147483647;
			files = (
				E46F091528B5116200959336 /* firebase_testapp_iosTests.swift in Sources */,
			);
			runOnlyForDeploymentPostprocessing = 0;
		};
		E46F091628B5116200959336 /* Sources */ = {
			isa = PBXSourcesBuildPhase;
			buildActionMask = 2147483647;
			files = (
				E46F091F28B5116200959336 /* firebase_testapp_iosUITests.swift in Sources */,
				E46F092128B5116200959336 /* firebase_testapp_iosUITestsLaunchTests.swift in Sources */,
			);
			runOnlyForDeploymentPostprocessing = 0;
		};
/* End PBXSourcesBuildPhase section */

/* Begin PBXTargetDependency section */
		E46F091228B5116200959336 /* PBXTargetDependency */ = {
			isa = PBXTargetDependency;
			target = E46F08F928B5115F00959336 /* firebase_testapp_ios */;
			targetProxy = E46F091128B5116200959336 /* PBXContainerItemProxy */;
		};
		E46F091C28B5116200959336 /* PBXTargetDependency */ = {
			isa = PBXTargetDependency;
			target = E46F08F928B5115F00959336 /* firebase_testapp_ios */;
			targetProxy = E46F091B28B5116200959336 /* PBXContainerItemProxy */;
		};
/* End PBXTargetDependency section */

/* Begin PBXVariantGroup section */
		E46F090328B5115F00959336 /* Main.storyboard */ = {
			isa = PBXVariantGroup;
			children = (
				E46F090428B5115F00959336 /* Base */,
			);
			name = Main.storyboard;
			sourceTree = "<group>";
		};
		E46F090828B5116200959336 /* LaunchScreen.storyboard */ = {
			isa = PBXVariantGroup;
			children = (
				E46F090928B5116200959336 /* Base */,
			);
			name = LaunchScreen.storyboard;
			sourceTree = "<group>";
		};
/* End PBXVariantGroup section */

/* Begin XCBuildConfiguration section */
		E46F092228B5116200959336 /* Debug */ = {
			isa = XCBuildConfiguration;
			buildSettings = {
				ALWAYS_SEARCH_USER_PATHS = NO;
				CLANG_ANALYZER_NONNULL = YES;
				CLANG_ANALYZER_NUMBER_OBJECT_CONVERSION = YES_AGGRESSIVE;
				CLANG_CXX_LANGUAGE_STANDARD = "gnu++17";
				CLANG_ENABLE_MODULES = YES;
				CLANG_ENABLE_OBJC_ARC = YES;
				CLANG_ENABLE_OBJC_WEAK = YES;
				CLANG_WARN_BLOCK_CAPTURE_AUTORELEASING = YES;
				CLANG_WARN_BOOL_CONVERSION = YES;
				CLANG_WARN_COMMA = YES;
				CLANG_WARN_CONSTANT_CONVERSION = YES;
				CLANG_WARN_DEPRECATED_OBJC_IMPLEMENTATIONS = YES;
				CLANG_WARN_DIRECT_OBJC_ISA_USAGE = YES_ERROR;
				CLANG_WARN_DOCUMENTATION_COMMENTS = YES;
				CLANG_WARN_EMPTY_BODY = YES;
				CLANG_WARN_ENUM_CONVERSION = YES;
				CLANG_WARN_INFINITE_RECURSION = YES;
				CLANG_WARN_INT_CONVERSION = YES;
				CLANG_WARN_NON_LITERAL_NULL_CONVERSION = YES;
				CLANG_WARN_OBJC_IMPLICIT_RETAIN_SELF = YES;
				CLANG_WARN_OBJC_LITERAL_CONVERSION = YES;
				CLANG_WARN_OBJC_ROOT_CLASS = YES_ERROR;
				CLANG_WARN_QUOTED_INCLUDE_IN_FRAMEWORK_HEADER = YES;
				CLANG_WARN_RANGE_LOOP_ANALYSIS = YES;
				CLANG_WARN_STRICT_PROTOTYPES = YES;
				CLANG_WARN_SUSPICIOUS_MOVE = YES;
				CLANG_WARN_UNGUARDED_AVAILABILITY = YES_AGGRESSIVE;
				CLANG_WARN_UNREACHABLE_CODE = YES;
				CLANG_WARN__DUPLICATE_METHOD_MATCH = YES;
				COPY_PHASE_STRIP = NO;
				DEBUG_INFORMATION_FORMAT = dwarf;
				ENABLE_STRICT_OBJC_MSGSEND = YES;
				ENABLE_TESTABILITY = YES;
				GCC_C_LANGUAGE_STANDARD = gnu11;
				GCC_DYNAMIC_NO_PIC = NO;
				GCC_NO_COMMON_BLOCKS = YES;
				GCC_OPTIMIZATION_LEVEL = 0;
				GCC_PREPROCESSOR_DEFINITIONS = (
					"DEBUG=1",
					"$(inherited)",
				);
				GCC_WARN_64_TO_32_BIT_CONVERSION = YES;
				GCC_WARN_ABOUT_RETURN_TYPE = YES_ERROR;
				GCC_WARN_UNDECLARED_SELECTOR = YES;
				GCC_WARN_UNINITIALIZED_AUTOS = YES_AGGRESSIVE;
				GCC_WARN_UNUSED_FUNCTION = YES;
				GCC_WARN_UNUSED_VARIABLE = YES;
				IPHONEOS_DEPLOYMENT_TARGET = 15.5;
				MTL_ENABLE_DEBUG_INFO = INCLUDE_SOURCE;
				MTL_FAST_MATH = YES;
				ONLY_ACTIVE_ARCH = YES;
				SDKROOT = iphoneos;
				SWIFT_ACTIVE_COMPILATION_CONDITIONS = DEBUG;
				SWIFT_OPTIMIZATION_LEVEL = "-Onone";
			};
			name = Debug;
		};
		E46F092328B5116200959336 /* Release */ = {
			isa = XCBuildConfiguration;
			buildSettings = {
				ALWAYS_SEARCH_USER_PATHS = NO;
				CLANG_ANALYZER_NONNULL = YES;
				CLANG_ANALYZER_NUMBER_OBJECT_CONVERSION = YES_AGGRESSIVE;
				CLANG_CXX_LANGUAGE_STANDARD = "gnu++17";
				CLANG_ENABLE_MODULES = YES;
				CLANG_ENABLE_OBJC_ARC = YES;
				CLANG_ENABLE_OBJC_WEAK = YES;
				CLANG_WARN_BLOCK_CAPTURE_AUTORELEASING = YES;
				CLANG_WARN_BOOL_CONVERSION = YES;
				CLANG_WARN_COMMA = YES;
				CLANG_WARN_CONSTANT_CONVERSION = YES;
				CLANG_WARN_DEPRECATED_OBJC_IMPLEMENTATIONS = YES;
				CLANG_WARN_DIRECT_OBJC_ISA_USAGE = YES_ERROR;
				CLANG_WARN_DOCUMENTATION_COMMENTS = YES;
				CLANG_WARN_EMPTY_BODY = YES;
				CLANG_WARN_ENUM_CONVERSION = YES;
				CLANG_WARN_INFINITE_RECURSION = YES;
				CLANG_WARN_INT_CONVERSION = YES;
				CLANG_WARN_NON_LITERAL_NULL_CONVERSION = YES;
				CLANG_WARN_OBJC_IMPLICIT_RETAIN_SELF = YES;
				CLANG_WARN_OBJC_LITERAL_CONVERSION = YES;
				CLANG_WARN_OBJC_ROOT_CLASS = YES_ERROR;
				CLANG_WARN_QUOTED_INCLUDE_IN_FRAMEWORK_HEADER = YES;
				CLANG_WARN_RANGE_LOOP_ANALYSIS = YES;
				CLANG_WARN_STRICT_PROTOTYPES = YES;
				CLANG_WARN_SUSPICIOUS_MOVE = YES;
				CLANG_WARN_UNGUARDED_AVAILABILITY = YES_AGGRESSIVE;
				CLANG_WARN_UNREACHABLE_CODE = YES;
				CLANG_WARN__DUPLICATE_METHOD_MATCH = YES;
				COPY_PHASE_STRIP = NO;
				DEBUG_INFORMATION_FORMAT = "dwarf-with-dsym";
				ENABLE_NS_ASSERTIONS = NO;
				ENABLE_STRICT_OBJC_MSGSEND = YES;
				GCC_C_LANGUAGE_STANDARD = gnu11;
				GCC_NO_COMMON_BLOCKS = YES;
				GCC_WARN_64_TO_32_BIT_CONVERSION = YES;
				GCC_WARN_ABOUT_RETURN_TYPE = YES_ERROR;
				GCC_WARN_UNDECLARED_SELECTOR = YES;
				GCC_WARN_UNINITIALIZED_AUTOS = YES_AGGRESSIVE;
				GCC_WARN_UNUSED_FUNCTION = YES;
				GCC_WARN_UNUSED_VARIABLE = YES;
				IPHONEOS_DEPLOYMENT_TARGET = 15.5;
				MTL_ENABLE_DEBUG_INFO = NO;
				MTL_FAST_MATH = YES;
				SDKROOT = iphoneos;
				SWIFT_COMPILATION_MODE = wholemodule;
				SWIFT_OPTIMIZATION_LEVEL = "-O";
				VALIDATE_PRODUCT = YES;
			};
			name = Release;
		};
		E46F092528B5116200959336 /* Debug */ = {
			isa = XCBuildConfiguration;
			baseConfigurationReference = 48E27839F1E3F851F23FFDE8 /* Pods-firebase_testapp_ios.debug.xcconfig */;
			buildSettings = {
				ASSETCATALOG_COMPILER_APPICON_NAME = AppIcon;
				ASSETCATALOG_COMPILER_GLOBAL_ACCENT_COLOR_NAME = AccentColor;
				CODE_SIGN_ENTITLEMENTS = firebase_testapp_ios/firebase_testapp_ios.entitlements;
				CODE_SIGN_IDENTITY = "iPhone Developer";
				CODE_SIGN_STYLE = Manual;
				CURRENT_PROJECT_VERSION = 1;
				DEVELOPMENT_TEAM = N5PT49EP9P;
				GENERATE_INFOPLIST_FILE = YES;
				INFOPLIST_FILE = firebase_testapp_ios/Info.plist;
				INFOPLIST_KEY_UIApplicationSupportsIndirectInputEvents = YES;
				INFOPLIST_KEY_UILaunchStoryboardName = LaunchScreen;
				INFOPLIST_KEY_UIMainStoryboardFile = Main;
				INFOPLIST_KEY_UISupportedInterfaceOrientations_iPad = "UIInterfaceOrientationPortrait UIInterfaceOrientationPortraitUpsideDown UIInterfaceOrientationLandscapeLeft UIInterfaceOrientationLandscapeRight";
				INFOPLIST_KEY_UISupportedInterfaceOrientations_iPhone = "UIInterfaceOrientationPortrait UIInterfaceOrientationLandscapeLeft UIInterfaceOrientationLandscapeRight";
				LD_RUNPATH_SEARCH_PATHS = (
					"$(inherited)",
					"@executable_path/Frameworks",
				);
				MARKETING_VERSION = 1.0;
				PRODUCT_BUNDLE_IDENTIFIER = "com.hoge.firebase-testapp-ios";
				PRODUCT_NAME = "$(TARGET_NAME)";
				PROVISIONING_PROFILE_SPECIFIER = "FireBase TestAPP Notification Provisioning Profile";
				SWIFT_EMIT_LOC_STRINGS = YES;
				SWIFT_VERSION = 5.0;
				TARGETED_DEVICE_FAMILY = 1;
			};
			name = Debug;
		};
		E46F092628B5116200959336 /* Release */ = {
			isa = XCBuildConfiguration;
			baseConfigurationReference = AAE14374777D69BB1195E128 /* Pods-firebase_testapp_ios.release.xcconfig */;
			buildSettings = {
				ASSETCATALOG_COMPILER_APPICON_NAME = AppIcon;
				ASSETCATALOG_COMPILER_GLOBAL_ACCENT_COLOR_NAME = AccentColor;
				CODE_SIGN_ENTITLEMENTS = firebase_testapp_ios/firebase_testapp_ios.entitlements;
				CODE_SIGN_IDENTITY = "iPhone Developer";
				CODE_SIGN_STYLE = Manual;
				CURRENT_PROJECT_VERSION = 1;
				DEVELOPMENT_TEAM = N5PT49EP9P;
				GENERATE_INFOPLIST_FILE = YES;
				INFOPLIST_FILE = firebase_testapp_ios/Info.plist;
				INFOPLIST_KEY_UIApplicationSupportsIndirectInputEvents = YES;
				INFOPLIST_KEY_UILaunchStoryboardName = LaunchScreen;
				INFOPLIST_KEY_UIMainStoryboardFile = Main;
				INFOPLIST_KEY_UISupportedInterfaceOrientations_iPad = "UIInterfaceOrientationPortrait UIInterfaceOrientationPortraitUpsideDown UIInterfaceOrientationLandscapeLeft UIInterfaceOrientationLandscapeRight";
				INFOPLIST_KEY_UISupportedInterfaceOrientations_iPhone = "UIInterfaceOrientationPortrait UIInterfaceOrientationLandscapeLeft UIInterfaceOrientationLandscapeRight";
				LD_RUNPATH_SEARCH_PATHS = (
					"$(inherited)",
					"@executable_path/Frameworks",
				);
				MARKETING_VERSION = 1.0;
				PRODUCT_BUNDLE_IDENTIFIER = "com.hoge.firebase-testapp-ios";
				PRODUCT_NAME = "$(TARGET_NAME)";
				PROVISIONING_PROFILE_SPECIFIER = "FireBase TestAPP Notification Provisioning Profile";
				SWIFT_EMIT_LOC_STRINGS = YES;
				SWIFT_VERSION = 5.0;
				TARGETED_DEVICE_FAMILY = 1;
			};
			name = Release;
		};
		E46F092828B5116200959336 /* Debug */ = {
			isa = XCBuildConfiguration;
			baseConfigurationReference = D58361E68E6586506FD3FECB /* Pods-firebase_testapp_iosTests.debug.xcconfig */;
			buildSettings = {
				ALWAYS_EMBED_SWIFT_STANDARD_LIBRARIES = YES;
				BUNDLE_LOADER = "$(TEST_HOST)";
				CODE_SIGN_STYLE = Automatic;
				CURRENT_PROJECT_VERSION = 1;
				DEVELOPMENT_TEAM = N5PT49EP9P;
				GENERATE_INFOPLIST_FILE = YES;
				IPHONEOS_DEPLOYMENT_TARGET = 15.5;
				MARKETING_VERSION = 1.0;
				PRODUCT_BUNDLE_IDENTIFIER = "jp.mobile-innovation..firebase-testapp-iosTests";
				PRODUCT_NAME = "$(TARGET_NAME)";
				SWIFT_EMIT_LOC_STRINGS = NO;
				SWIFT_VERSION = 5.0;
				TARGETED_DEVICE_FAMILY = "1,2";
				TEST_HOST = "$(BUILT_PRODUCTS_DIR)/firebase_testapp_ios.app/firebase_testapp_ios";
			};
			name = Debug;
		};
		E46F092928B5116200959336 /* Release */ = {
			isa = XCBuildConfiguration;
			baseConfigurationReference = 20CE70448B9A827CC0F8C5F7 /* Pods-firebase_testapp_iosTests.release.xcconfig */;
			buildSettings = {
				ALWAYS_EMBED_SWIFT_STANDARD_LIBRARIES = YES;
				BUNDLE_LOADER = "$(TEST_HOST)";
				CODE_SIGN_STYLE = Automatic;
				CURRENT_PROJECT_VERSION = 1;
				DEVELOPMENT_TEAM = N5PT49EP9P;
				GENERATE_INFOPLIST_FILE = YES;
				IPHONEOS_DEPLOYMENT_TARGET = 15.5;
				MARKETING_VERSION = 1.0;
				PRODUCT_BUNDLE_IDENTIFIER = "jp.mobile-innovation..firebase-testapp-iosTests";
				PRODUCT_NAME = "$(TARGET_NAME)";
				SWIFT_EMIT_LOC_STRINGS = NO;
				SWIFT_VERSION = 5.0;
				TARGETED_DEVICE_FAMILY = "1,2";
				TEST_HOST = "$(BUILT_PRODUCTS_DIR)/firebase_testapp_ios.app/firebase_testapp_ios";
			};
			name = Release;
		};
		E46F092B28B5116200959336 /* Debug */ = {
			isa = XCBuildConfiguration;
			baseConfigurationReference = 3784BB545C03D429ADE3F096 /* Pods-firebase_testapp_iosUITests.debug.xcconfig */;
			buildSettings = {
				ALWAYS_EMBED_SWIFT_STANDARD_LIBRARIES = YES;
				CODE_SIGN_STYLE = Automatic;
				CURRENT_PROJECT_VERSION = 1;
				DEVELOPMENT_TEAM = N5PT49EP9P;
				GENERATE_INFOPLIST_FILE = YES;
				MARKETING_VERSION = 1.0;
				PRODUCT_BUNDLE_IDENTIFIER = "jp.mobile-innovation..firebase-testapp-iosUITests";
				PRODUCT_NAME = "$(TARGET_NAME)";
				SWIFT_EMIT_LOC_STRINGS = NO;
				SWIFT_VERSION = 5.0;
				TARGETED_DEVICE_FAMILY = "1,2";
				TEST_TARGET_NAME = firebase_testapp_ios;
			};
			name = Debug;
		};
		E46F092C28B5116200959336 /* Release */ = {
			isa = XCBuildConfiguration;
			baseConfigurationReference = D62D99EFB277E8D5FB6C553F /* Pods-firebase_testapp_iosUITests.release.xcconfig */;
			buildSettings = {
				ALWAYS_EMBED_SWIFT_STANDARD_LIBRARIES = YES;
				CODE_SIGN_STYLE = Automatic;
				CURRENT_PROJECT_VERSION = 1;
				DEVELOPMENT_TEAM = N5PT49EP9P;
				GENERATE_INFOPLIST_FILE = YES;
				MARKETING_VERSION = 1.0;
				PRODUCT_BUNDLE_IDENTIFIER = "jp.mobile-innovation..firebase-testapp-iosUITests";
				PRODUCT_NAME = "$(TARGET_NAME)";
				SWIFT_EMIT_LOC_STRINGS = NO;
				SWIFT_VERSION = 5.0;
				TARGETED_DEVICE_FAMILY = "1,2";
				TEST_TARGET_NAME = firebase_testapp_ios;
			};
			name = Release;
		};
/* End XCBuildConfiguration section */

/* Begin XCConfigurationList section */
		E46F08F528B5115F00959336 /* Build configuration list for PBXProject "firebase_testapp_ios" */ = {
			isa = XCConfigurationList;
			buildConfigurations = (
				E46F092228B5116200959336 /* Debug */,
				E46F092328B5116200959336 /* Release */,
			);
			defaultConfigurationIsVisible = 0;
			defaultConfigurationName = Release;
		};
		E46F092428B5116200959336 /* Build configuration list for PBXNativeTarget "firebase_testapp_ios" */ = {
			isa = XCConfigurationList;
			buildConfigurations = (
				E46F092528B5116200959336 /* Debug */,
				E46F092628B5116200959336 /* Release */,
			);
			defaultConfigurationIsVisible = 0;
			defaultConfigurationName = Release;
		};
		E46F092728B5116200959336 /* Build configuration list for PBXNativeTarget "firebase_testapp_iosTests" */ = {
			isa = XCConfigurationList;
			buildConfigurations = (
				E46F092828B5116200959336 /* Debug */,
				E46F092928B5116200959336 /* Release */,
			);
			defaultConfigurationIsVisible = 0;
			defaultConfigurationName = Release;
		};
		E46F092A28B5116200959336 /* Build configuration list for PBXNativeTarget "firebase_testapp_iosUITests" */ = {
			isa = XCConfigurationList;
			buildConfigurations = (
				E46F092B28B5116200959336 /* Debug */,
				E46F092C28B5116200959336 /* Release */,
			);
			defaultConfigurationIsVisible = 0;
			defaultConfigurationName = Release;
		};
/* End XCConfigurationList section */
	};
	rootObject = E46F08F228B5115F00959336 /* Project object */;
}
